
Microsoft Visual Studio Solution File, Format Version 12.00
# Visual Studio Version 17
VisualStudioVersion = 17.8.34330.188
MinimumVisualStudioVersion = 10.0.40219.1
Project("{9A19103F-16F7-4668-BE54-9A1E7A4F7556}") = "Day1", "Day1\Day1.csproj", "{496CB183-59D2-4AF8-A648-32BD9D792C67}"
EndProject
Project("{9A19103F-16F7-4668-BE54-9A1E7A4F7556}") = "Day2", "Day2\Day2.csproj", "{74B40874-AED2-4E76-8134-CF8253F7166F}"
EndProject
Project("{9A19103F-16F7-4668-BE54-9A1E7A4F7556}") = "Day3", "Day3\Day3.csproj", "{2920C4DC-0BA8-44C6-A683-150ADDFEF53F}"
EndProject
Project("{9A19103F-16F7-4668-BE54-9A1E7A4F7556}") = "Day4", "Day4\Day4.csproj", "{F20A71E8-8A2E-444D-A34D-DF4497913D3E}"
EndProject
Project("{9A19103F-16F7-4668-BE54-9A1E7A4F7556}") = "Day5", "Day5\Day5.csproj", "{9F665024-27EA-4FEF-9421-B0FA737D5073}"
EndProject
Project("{9A19103F-16F7-4668-BE54-9A1E7A4F7556}") = "Day6", "Day6\Day6.csproj", "{A25F014A-7783-4CA8-A265-D9ADD96BBB0F}"
EndProject
Project("{9A19103F-16F7-4668-BE54-9A1E7A4F7556}") = "Day8", "Day8\Day8.csproj", "{22ACB87F-6B4C-44FA-947D-C9A5D06E760B}"
EndProject
Project("{9A19103F-16F7-4668-BE54-9A1E7A4F7556}") = "Day9", "Day9\Day9.csproj", "{16AB87B3-AAF9-443B-8362-1BEA4C76F035}"
EndProject
Project("{9A19103F-16F7-4668-BE54-9A1E7A4F7556}") = "Day14", "Day14\Day14.csproj", "{E109DE20-F3B3-4A85-8286-8CD88429B8D9}"
EndProject
Project("{9A19103F-16F7-4668-BE54-9A1E7A4F7556}") = "Day16", "Day16\Day16.csproj", "{D723FDB8-7D00-4931-9F46-5B840EAB20B1}"
EndProject
Project("{FAE04EC0-301F-11D3-BF4B-00C04F79EFBC}") = "Day13", "Day13\Day13.csproj", "{F5DDFA6A-130A-480F-A1AD-D7829A095AE4}"
EndProject
Project("{FAE04EC0-301F-11D3-BF4B-00C04F79EFBC}") = "Day21", "Day21\Day21.csproj", "{5A21E4D1-9699-40E1-AD42-89D705FC9FD8}"
EndProject
Global
	GlobalSection(SolutionConfigurationPlatforms) = preSolution
		Debug|Any CPU = Debug|Any CPU
		Release|Any CPU = Release|Any CPU
	EndGlobalSection
	GlobalSection(ProjectConfigurationPlatforms) = postSolution
		{496CB183-59D2-4AF8-A648-32BD9D792C67}.Debug|Any CPU.ActiveCfg = Debug|Any CPU
		{496CB183-59D2-4AF8-A648-32BD9D792C67}.Debug|Any CPU.Build.0 = Debug|Any CPU
		{496CB183-59D2-4AF8-A648-32BD9D792C67}.Release|Any CPU.ActiveCfg = Release|Any CPU
		{496CB183-59D2-4AF8-A648-32BD9D792C67}.Release|Any CPU.Build.0 = Release|Any CPU
		{74B40874-AED2-4E76-8134-CF8253F7166F}.Debug|Any CPU.ActiveCfg = Debug|Any CPU
		{74B40874-AED2-4E76-8134-CF8253F7166F}.Debug|Any CPU.Build.0 = Debug|Any CPU
		{74B40874-AED2-4E76-8134-CF8253F7166F}.Release|Any CPU.ActiveCfg = Release|Any CPU
		{74B40874-AED2-4E76-8134-CF8253F7166F}.Release|Any CPU.Build.0 = Release|Any CPU
		{2920C4DC-0BA8-44C6-A683-150ADDFEF53F}.Debug|Any CPU.ActiveCfg = Debug|Any CPU
		{2920C4DC-0BA8-44C6-A683-150ADDFEF53F}.Debug|Any CPU.Build.0 = Debug|Any CPU
		{2920C4DC-0BA8-44C6-A683-150ADDFEF53F}.Release|Any CPU.ActiveCfg = Release|Any CPU
		{2920C4DC-0BA8-44C6-A683-150ADDFEF53F}.Release|Any CPU.Build.0 = Release|Any CPU
		{F20A71E8-8A2E-444D-A34D-DF4497913D3E}.Debug|Any CPU.ActiveCfg = Debug|Any CPU
		{F20A71E8-8A2E-444D-A34D-DF4497913D3E}.Debug|Any CPU.Build.0 = Debug|Any CPU
		{F20A71E8-8A2E-444D-A34D-DF4497913D3E}.Release|Any CPU.ActiveCfg = Release|Any CPU
		{F20A71E8-8A2E-444D-A34D-DF4497913D3E}.Release|Any CPU.Build.0 = Release|Any CPU
		{9F665024-27EA-4FEF-9421-B0FA737D5073}.Debug|Any CPU.ActiveCfg = Debug|Any CPU
		{9F665024-27EA-4FEF-9421-B0FA737D5073}.Debug|Any CPU.Build.0 = Debug|Any CPU
		{9F665024-27EA-4FEF-9421-B0FA737D5073}.Release|Any CPU.ActiveCfg = Release|Any CPU
		{9F665024-27EA-4FEF-9421-B0FA737D5073}.Release|Any CPU.Build.0 = Release|Any CPU
		{A25F014A-7783-4CA8-A265-D9ADD96BBB0F}.Debug|Any CPU.ActiveCfg = Debug|Any CPU
		{A25F014A-7783-4CA8-A265-D9ADD96BBB0F}.Debug|Any CPU.Build.0 = Debug|Any CPU
		{A25F014A-7783-4CA8-A265-D9ADD96BBB0F}.Release|Any CPU.ActiveCfg = Release|Any CPU
		{A25F014A-7783-4CA8-A265-D9ADD96BBB0F}.Release|Any CPU.Build.0 = Release|Any CPU
		{22ACB87F-6B4C-44FA-947D-C9A5D06E760B}.Debug|Any CPU.ActiveCfg = Debug|Any CPU
		{22ACB87F-6B4C-44FA-947D-C9A5D06E760B}.Debug|Any CPU.Build.0 = Debug|Any CPU
		{22ACB87F-6B4C-44FA-947D-C9A5D06E760B}.Release|Any CPU.ActiveCfg = Release|Any CPU
		{22ACB87F-6B4C-44FA-947D-C9A5D06E760B}.Release|Any CPU.Build.0 = Release|Any CPU
		{16AB87B3-AAF9-443B-8362-1BEA4C76F035}.Debug|Any CPU.ActiveCfg = Debug|Any CPU
		{16AB87B3-AAF9-443B-8362-1BEA4C76F035}.Debug|Any CPU.Build.0 = Debug|Any CPU
		{16AB87B3-AAF9-443B-8362-1BEA4C76F035}.Release|Any CPU.ActiveCfg = Release|Any CPU
		{16AB87B3-AAF9-443B-8362-1BEA4C76F035}.Release|Any CPU.Build.0 = Release|Any CPU
		{E109DE20-F3B3-4A85-8286-8CD88429B8D9}.Debug|Any CPU.ActiveCfg = Debug|Any CPU
		{E109DE20-F3B3-4A85-8286-8CD88429B8D9}.Debug|Any CPU.Build.0 = Debug|Any CPU
		{E109DE20-F3B3-4A85-8286-8CD88429B8D9}.Release|Any CPU.ActiveCfg = Release|Any CPU
		{E109DE20-F3B3-4A85-8286-8CD88429B8D9}.Release|Any CPU.Build.0 = Release|Any CPU
		{D723FDB8-7D00-4931-9F46-5B840EAB20B1}.Debug|Any CPU.ActiveCfg = Debug|Any CPU
		{D723FDB8-7D00-4931-9F46-5B840EAB20B1}.Debug|Any CPU.Build.0 = Debug|Any CPU
		{D723FDB8-7D00-4931-9F46-5B840EAB20B1}.Release|Any CPU.ActiveCfg = Release|Any CPU
		{D723FDB8-7D00-4931-9F46-5B840EAB20B1}.Release|Any CPU.Build.0 = Release|Any CPU
		{F5DDFA6A-130A-480F-A1AD-D7829A095AE4}.Debug|Any CPU.ActiveCfg = Debug|Any CPU
		{F5DDFA6A-130A-480F-A1AD-D7829A095AE4}.Debug|Any CPU.Build.0 = Debug|Any CPU
		{F5DDFA6A-130A-480F-A1AD-D7829A095AE4}.Release|Any CPU.ActiveCfg = Release|Any CPU
		{F5DDFA6A-130A-480F-A1AD-D7829A095AE4}.Release|Any CPU.Build.0 = Release|Any CPU
		{5A21E4D1-9699-40E1-AD42-89D705FC9FD8}.Debug|Any CPU.ActiveCfg = Debug|Any CPU
		{5A21E4D1-9699-40E1-AD42-89D705FC9FD8}.Debug|Any CPU.Build.0 = Debug|Any CPU
		{5A21E4D1-9699-40E1-AD42-89D705FC9FD8}.Release|Any CPU.ActiveCfg = Release|Any CPU
		{5A21E4D1-9699-40E1-AD42-89D705FC9FD8}.Release|Any CPU.Build.0 = Release|Any CPU
	EndGlobalSection
	GlobalSection(SolutionProperties) = preSolution
		HideSolutionNode = FALSE
	EndGlobalSection
	GlobalSection(ExtensibilityGlobals) = postSolution
		SolutionGuid = {AEB4A378-003F-4451-A4D5-B397FAF5B8CD}
	EndGlobalSection
EndGlobal
